# Prisma Migrate lockfile v1

20200806155310-init
20200807054749-init
20200823081745-added-roles--schools--teams-and-relations
20200823161832-add-password--salt-and-gender
20200823175241-remove-salt--as-it-is-not-needed
20200824120050-added-a-few-ballot-modules-incl--threads-and-attachments
20200824131042-changed-domain-attribute-in-school-to-relation
20200824165329-added-minor-fields-and-fixed-relations
20200824170525-added-address--city--street-to-school
20200827175114
20200827175402-added-invite-link-and-email-domain-to-teams
20200829071745-added-new-roles--unkown--principal---changed-order-of-roles
20200829122407-rename-role-unkown-to-user
20200903093019-added-domain-to-teams